
Microsoft Visual Studio Solution File, Format Version 12.00
# Visual Studio Version 16
VisualStudioVersion = 16.0.31112.23
MinimumVisualStudioVersion = 10.0.40219.1
Project("{FAE04EC0-301F-11D3-BF4B-00C04F79EFBC}") = "tasksche", "tasksche\tasksche.csproj", "{6A4BFD78-9040-49D0-85BB-B436539D13F6}"
EndProject
Project("{FAE04EC0-301F-11D3-BF4B-00C04F79EFBC}") = "@WanaDecryptor@", "@WanaDecryptor@\@WanaDecryptor@.csproj", "{A4FFE518-8750-47F5-A1E5-A73AA73B4C8D}"
EndProject
Project("{FAE04EC0-301F-11D3-BF4B-00C04F79EFBC}") = "WanaCrypt0r", "WanaCrypt0r\WanaCrypt0r.csproj", "{64C3BBD8-0FEE-4D27-92EE-1C9FA82BAEA5}"
EndProject
Global
	GlobalSection(SolutionConfigurationPlatforms) = preSolution
		Debug|Any CPU = Debug|Any CPU
		Release|Any CPU = Release|Any CPU
	EndGlobalSection
	GlobalSection(ProjectConfigurationPlatforms) = postSolution
		{6A4BFD78-9040-49D0-85BB-B436539D13F6}.Debug|Any CPU.ActiveCfg = Debug|Any CPU
		{6A4BFD78-9040-49D0-85BB-B436539D13F6}.Debug|Any CPU.Build.0 = Debug|Any CPU
		{6A4BFD78-9040-49D0-85BB-B436539D13F6}.Release|Any CPU.ActiveCfg = Release|Any CPU
		{6A4BFD78-9040-49D0-85BB-B436539D13F6}.Release|Any CPU.Build.0 = Release|Any CPU
		{A4FFE518-8750-47F5-A1E5-A73AA73B4C8D}.Debug|Any CPU.ActiveCfg = Debug|Any CPU
		{A4FFE518-8750-47F5-A1E5-A73AA73B4C8D}.Debug|Any CPU.Build.0 = Debug|Any CPU
		{A4FFE518-8750-47F5-A1E5-A73AA73B4C8D}.Release|Any CPU.ActiveCfg = Release|Any CPU
		{A4FFE518-8750-47F5-A1E5-A73AA73B4C8D}.Release|Any CPU.Build.0 = Release|Any CPU
		{64C3BBD8-0FEE-4D27-92EE-1C9FA82BAEA5}.Debug|Any CPU.ActiveCfg = Debug|Any CPU
		{64C3BBD8-0FEE-4D27-92EE-1C9FA82BAEA5}.Debug|Any CPU.Build.0 = Debug|Any CPU
		{64C3BBD8-0FEE-4D27-92EE-1C9FA82BAEA5}.Release|Any CPU.ActiveCfg = Release|Any CPU
		{64C3BBD8-0FEE-4D27-92EE-1C9FA82BAEA5}.Release|Any CPU.Build.0 = Release|Any CPU
	EndGlobalSection
	GlobalSection(SolutionProperties) = preSolution
		HideSolutionNode = FALSE
	EndGlobalSection
	GlobalSection(ExtensibilityGlobals) = postSolution
		SolutionGuid = {09566767-4CE9-40BF-ACE3-20D9F900F90D}
	EndGlobalSection
EndGlobal
